
Microsoft Visual Studio Solution File, Format Version 12.00
# Visual Studio 15
VisualStudioVersion = 15.0.27130.2010
MinimumVisualStudioVersion = 10.0.40219.1
Project("{2150E333-8FDC-42A3-9474-1A3956D46DE8}") = "src", "src", "{02A96866-FEA4-483E-A6FD-CB8660F51FD3}"
EndProject
Project("{2150E333-8FDC-42A3-9474-1A3956D46DE8}") = "Solution Items", "Solution Items", "{8C65E3B7-6E4F-470A-9422-7B273FE6EBF6}"
EndProject
Project("{2150E333-8FDC-42A3-9474-1A3956D46DE8}") = "test", "test", "{6E1D36E2-2D05-4ACF-80B7-1AFB75A20839}"
EndProject
Project("{2150E333-8FDC-42A3-9474-1A3956D46DE8}") = "fixtures", "fixtures", "{A58BB1E8-935E-4A73-B630-969EE5B4AF2F}"
	ProjectSection(SolutionItems) = preProject
		test\fixtures\cp1251.dbf = test\fixtures\cp1251.dbf
		test\fixtures\cp1251_summary.txt = test\fixtures\cp1251_summary.txt
		test\fixtures\dbase_03.csv = test\fixtures\dbase_03.csv
		test\fixtures\dbase_03.dbf = test\fixtures\dbase_03.dbf
		test\fixtures\dbase_03_summary.txt = test\fixtures\dbase_03_summary.txt
		test\fixtures\dbase_30.csv = test\fixtures\dbase_30.csv
		test\fixtures\dbase_30.dbf = test\fixtures\dbase_30.dbf
		test\fixtures\dbase_30.fpt = test\fixtures\dbase_30.fpt
		test\fixtures\dbase_30_summary.txt = test\fixtures\dbase_30_summary.txt
		test\fixtures\dbase_31.csv = test\fixtures\dbase_31.csv
		test\fixtures\dbase_31.dbf = test\fixtures\dbase_31.dbf
		test\fixtures\dbase_31_summary.txt = test\fixtures\dbase_31_summary.txt
		test\fixtures\dbase_83.dbf = test\fixtures\dbase_83.dbf
		test\fixtures\dbase_83.dbt = test\fixtures\dbase_83.dbt
		test\fixtures\dbase_83_missing_memo.dbf = test\fixtures\dbase_83_missing_memo.dbf
		test\fixtures\dbase_83_missing_memo_record_0.yml = test\fixtures\dbase_83_missing_memo_record_0.yml
		test\fixtures\dbase_83_record_0.yml = test\fixtures\dbase_83_record_0.yml
		test\fixtures\dbase_83_record_9.yml = test\fixtures\dbase_83_record_9.yml
		test\fixtures\dbase_83_schema.txt = test\fixtures\dbase_83_schema.txt
		test\fixtures\dbase_83_summary.txt = test\fixtures\dbase_83_summary.txt
		test\fixtures\dbase_8b.dbf = test\fixtures\dbase_8b.dbf
		test\fixtures\dbase_8b.dbt = test\fixtures\dbase_8b.dbt
		test\fixtures\dbase_8b_summary.txt = test\fixtures\dbase_8b_summary.txt
		test\fixtures\dbase_f5.csv = test\fixtures\dbase_f5.csv
		test\fixtures\dbase_f5.dbf = test\fixtures\dbase_f5.dbf
		test\fixtures\dbase_f5.fpt = test\fixtures\dbase_f5.fpt
		test\fixtures\dbase_f5_summary.txt = test\fixtures\dbase_f5_summary.txt
	EndProjectSection
EndProject
Project("{9A19103F-16F7-4668-BE54-9A1E7A4F7556}") = "DbfDataReader", "src\DbfDataReader\DbfDataReader.csproj", "{40A3F4FC-21A9-48FC-8FBB-85B9AE7C3EC1}"
EndProject
Project("{9A19103F-16F7-4668-BE54-9A1E7A4F7556}") = "DbfDataReader.Tests", "test\DbfDataReader.Tests\DbfDataReader.Tests.csproj", "{A0D45C13-CE45-444C-B5D3-FF9425BE0635}"
EndProject
Global
	GlobalSection(SolutionConfigurationPlatforms) = preSolution
		Debug|Any CPU = Debug|Any CPU
		Release|Any CPU = Release|Any CPU
	EndGlobalSection
	GlobalSection(ProjectConfigurationPlatforms) = postSolution
		{40A3F4FC-21A9-48FC-8FBB-85B9AE7C3EC1}.Debug|Any CPU.ActiveCfg = Debug|Any CPU
		{40A3F4FC-21A9-48FC-8FBB-85B9AE7C3EC1}.Debug|Any CPU.Build.0 = Debug|Any CPU
		{40A3F4FC-21A9-48FC-8FBB-85B9AE7C3EC1}.Release|Any CPU.ActiveCfg = Release|Any CPU
		{40A3F4FC-21A9-48FC-8FBB-85B9AE7C3EC1}.Release|Any CPU.Build.0 = Release|Any CPU
		{A0D45C13-CE45-444C-B5D3-FF9425BE0635}.Debug|Any CPU.ActiveCfg = Debug|Any CPU
		{A0D45C13-CE45-444C-B5D3-FF9425BE0635}.Debug|Any CPU.Build.0 = Debug|Any CPU
		{A0D45C13-CE45-444C-B5D3-FF9425BE0635}.Release|Any CPU.ActiveCfg = Release|Any CPU
		{A0D45C13-CE45-444C-B5D3-FF9425BE0635}.Release|Any CPU.Build.0 = Release|Any CPU
	EndGlobalSection
	GlobalSection(SolutionProperties) = preSolution
		HideSolutionNode = FALSE
	EndGlobalSection
	GlobalSection(NestedProjects) = preSolution
		{A58BB1E8-935E-4A73-B630-969EE5B4AF2F} = {6E1D36E2-2D05-4ACF-80B7-1AFB75A20839}
		{40A3F4FC-21A9-48FC-8FBB-85B9AE7C3EC1} = {02A96866-FEA4-483E-A6FD-CB8660F51FD3}
		{A0D45C13-CE45-444C-B5D3-FF9425BE0635} = {6E1D36E2-2D05-4ACF-80B7-1AFB75A20839}
	EndGlobalSection
	GlobalSection(ExtensibilityGlobals) = postSolution
		SolutionGuid = {4B7A9572-5B9E-4FDD-9BEC-4FBD8885C3F2}
	EndGlobalSection
EndGlobal
